
Microsoft Visual Studio Solution File, Format Version 12.00
# Visual Studio 2012
Project("{2150E333-8FDC-42A3-9474-1A3956D46DE8}") = "BLL", "BLL", "{DEA09A8C-63E3-47BC-AEA7-697C4755D587}"
EndProject
Project("{2150E333-8FDC-42A3-9474-1A3956D46DE8}") = "DAL", "DAL", "{A65B1561-B797-4FDB-8153-41A5DB020429}"
EndProject
Project("{2150E333-8FDC-42A3-9474-1A3956D46DE8}") = "Model", "Model", "{C90E9CEF-C1AF-40ED-8F3F-C93C41AAE225}"
EndProject
Project("{2150E333-8FDC-42A3-9474-1A3956D46DE8}") = "UI", "UI", "{18F9FA21-9CD9-4A6F-BE33-8055147F061F}"
EndProject
Project("{2150E333-8FDC-42A3-9474-1A3956D46DE8}") = "Common", "Common", "{65CF930D-B9C4-4CE3-91B5-532CA0F2B27F}"
EndProject
Project("{FAE04EC0-301F-11D3-BF4B-00C04F79EFBC}") = "HNCJ.DY.BLL", "HNCJ.DY.BLL\HNCJ.DY.BLL.csproj", "{1619DF89-2BAB-469B-B374-CFACEF2A31A4}"
EndProject
Project("{FAE04EC0-301F-11D3-BF4B-00C04F79EFBC}") = "HNCJ.DY.IBLL", "HNCJ.DY.IBLL\HNCJ.DY.IBLL.csproj", "{EF17372A-97F0-436A-A9C1-8408F75DAEBC}"
EndProject
Project("{FAE04EC0-301F-11D3-BF4B-00C04F79EFBC}") = "HNCJ.DY.Common", "HNCJ.DY.Common\HNCJ.DY.Common.csproj", "{3BC26C42-B9C3-4E58-BDB4-0B09EAADC9C1}"
EndProject
Project("{FAE04EC0-301F-11D3-BF4B-00C04F79EFBC}") = "HNCJ.DY.DalFactory", "HNCJ.DY.DalFactory\HNCJ.DY.DalFactory.csproj", "{F23AD7FA-95B2-4CB3-8091-356CBE1CCAA6}"
EndProject
Project("{FAE04EC0-301F-11D3-BF4B-00C04F79EFBC}") = "HNCJ.DY.DAL", "HNCJ.DY.DAL\HNCJ.DY.DAL.csproj", "{32731E37-1385-4839-A48D-9CC4C7F2DE18}"
EndProject
Project("{FAE04EC0-301F-11D3-BF4B-00C04F79EFBC}") = "HNCJ.DY.IDAL", "HNCJ.DY.IDAL\HNCJ.DY.IDAL.csproj", "{F6B3D2DE-FFE9-4F9D-A69F-91D6AA187026}"
EndProject
Project("{FAE04EC0-301F-11D3-BF4B-00C04F79EFBC}") = "HNCJ.DY.Model", "HNCJ.DY.Model\HNCJ.DY.Model.csproj", "{8CA319AB-0AB9-4BB0-B1D7-B2376E13C01A}"
EndProject
Project("{FAE04EC0-301F-11D3-BF4B-00C04F79EFBC}") = "HNCJ.DY.Web", "HNCJ.DY.Web\HNCJ.DY.Web.csproj", "{B017A219-FB30-450D-86B6-143B6988151B}"
EndProject
Project("{FAE04EC0-301F-11D3-BF4B-00C04F79EFBC}") = "Demo", "Demo\Demo.csproj", "{27CB9466-8632-408D-9213-A8B4E8AE8ED7}"
EndProject
Global
	GlobalSection(SolutionConfigurationPlatforms) = preSolution
		Debug|Any CPU = Debug|Any CPU
		Release|Any CPU = Release|Any CPU
	EndGlobalSection
	GlobalSection(ProjectConfigurationPlatforms) = postSolution
		{1619DF89-2BAB-469B-B374-CFACEF2A31A4}.Debug|Any CPU.ActiveCfg = Debug|Any CPU
		{1619DF89-2BAB-469B-B374-CFACEF2A31A4}.Debug|Any CPU.Build.0 = Debug|Any CPU
		{1619DF89-2BAB-469B-B374-CFACEF2A31A4}.Release|Any CPU.ActiveCfg = Release|Any CPU
		{1619DF89-2BAB-469B-B374-CFACEF2A31A4}.Release|Any CPU.Build.0 = Release|Any CPU
		{EF17372A-97F0-436A-A9C1-8408F75DAEBC}.Debug|Any CPU.ActiveCfg = Debug|Any CPU
		{EF17372A-97F0-436A-A9C1-8408F75DAEBC}.Debug|Any CPU.Build.0 = Debug|Any CPU
		{EF17372A-97F0-436A-A9C1-8408F75DAEBC}.Release|Any CPU.ActiveCfg = Release|Any CPU
		{EF17372A-97F0-436A-A9C1-8408F75DAEBC}.Release|Any CPU.Build.0 = Release|Any CPU
		{3BC26C42-B9C3-4E58-BDB4-0B09EAADC9C1}.Debug|Any CPU.ActiveCfg = Debug|Any CPU
		{3BC26C42-B9C3-4E58-BDB4-0B09EAADC9C1}.Debug|Any CPU.Build.0 = Debug|Any CPU
		{3BC26C42-B9C3-4E58-BDB4-0B09EAADC9C1}.Release|Any CPU.ActiveCfg = Release|Any CPU
		{3BC26C42-B9C3-4E58-BDB4-0B09EAADC9C1}.Release|Any CPU.Build.0 = Release|Any CPU
		{F23AD7FA-95B2-4CB3-8091-356CBE1CCAA6}.Debug|Any CPU.ActiveCfg = Debug|Any CPU
		{F23AD7FA-95B2-4CB3-8091-356CBE1CCAA6}.Debug|Any CPU.Build.0 = Debug|Any CPU
		{F23AD7FA-95B2-4CB3-8091-356CBE1CCAA6}.Release|Any CPU.ActiveCfg = Release|Any CPU
		{F23AD7FA-95B2-4CB3-8091-356CBE1CCAA6}.Release|Any CPU.Build.0 = Release|Any CPU
		{32731E37-1385-4839-A48D-9CC4C7F2DE18}.Debug|Any CPU.ActiveCfg = Debug|Any CPU
		{32731E37-1385-4839-A48D-9CC4C7F2DE18}.Debug|Any CPU.Build.0 = Debug|Any CPU
		{32731E37-1385-4839-A48D-9CC4C7F2DE18}.Release|Any CPU.ActiveCfg = Release|Any CPU
		{32731E37-1385-4839-A48D-9CC4C7F2DE18}.Release|Any CPU.Build.0 = Release|Any CPU
		{F6B3D2DE-FFE9-4F9D-A69F-91D6AA187026}.Debug|Any CPU.ActiveCfg = Debug|Any CPU
		{F6B3D2DE-FFE9-4F9D-A69F-91D6AA187026}.Debug|Any CPU.Build.0 = Debug|Any CPU
		{F6B3D2DE-FFE9-4F9D-A69F-91D6AA187026}.Release|Any CPU.ActiveCfg = Release|Any CPU
		{F6B3D2DE-FFE9-4F9D-A69F-91D6AA187026}.Release|Any CPU.Build.0 = Release|Any CPU
		{8CA319AB-0AB9-4BB0-B1D7-B2376E13C01A}.Debug|Any CPU.ActiveCfg = Debug|Any CPU
		{8CA319AB-0AB9-4BB0-B1D7-B2376E13C01A}.Debug|Any CPU.Build.0 = Debug|Any CPU
		{8CA319AB-0AB9-4BB0-B1D7-B2376E13C01A}.Release|Any CPU.ActiveCfg = Release|Any CPU
		{8CA319AB-0AB9-4BB0-B1D7-B2376E13C01A}.Release|Any CPU.Build.0 = Release|Any CPU
		{B017A219-FB30-450D-86B6-143B6988151B}.Debug|Any CPU.ActiveCfg = Debug|Any CPU
		{B017A219-FB30-450D-86B6-143B6988151B}.Debug|Any CPU.Build.0 = Debug|Any CPU
		{B017A219-FB30-450D-86B6-143B6988151B}.Release|Any CPU.ActiveCfg = Release|Any CPU
		{B017A219-FB30-450D-86B6-143B6988151B}.Release|Any CPU.Build.0 = Release|Any CPU
		{27CB9466-8632-408D-9213-A8B4E8AE8ED7}.Debug|Any CPU.ActiveCfg = Debug|Any CPU
		{27CB9466-8632-408D-9213-A8B4E8AE8ED7}.Debug|Any CPU.Build.0 = Debug|Any CPU
		{27CB9466-8632-408D-9213-A8B4E8AE8ED7}.Release|Any CPU.ActiveCfg = Release|Any CPU
		{27CB9466-8632-408D-9213-A8B4E8AE8ED7}.Release|Any CPU.Build.0 = Release|Any CPU
	EndGlobalSection
	GlobalSection(SolutionProperties) = preSolution
		HideSolutionNode = FALSE
	EndGlobalSection
	GlobalSection(NestedProjects) = preSolution
		{1619DF89-2BAB-469B-B374-CFACEF2A31A4} = {DEA09A8C-63E3-47BC-AEA7-697C4755D587}
		{EF17372A-97F0-436A-A9C1-8408F75DAEBC} = {DEA09A8C-63E3-47BC-AEA7-697C4755D587}
		{F23AD7FA-95B2-4CB3-8091-356CBE1CCAA6} = {A65B1561-B797-4FDB-8153-41A5DB020429}
		{32731E37-1385-4839-A48D-9CC4C7F2DE18} = {A65B1561-B797-4FDB-8153-41A5DB020429}
		{F6B3D2DE-FFE9-4F9D-A69F-91D6AA187026} = {A65B1561-B797-4FDB-8153-41A5DB020429}
		{8CA319AB-0AB9-4BB0-B1D7-B2376E13C01A} = {C90E9CEF-C1AF-40ED-8F3F-C93C41AAE225}
		{B017A219-FB30-450D-86B6-143B6988151B} = {18F9FA21-9CD9-4A6F-BE33-8055147F061F}
		{3BC26C42-B9C3-4E58-BDB4-0B09EAADC9C1} = {65CF930D-B9C4-4CE3-91B5-532CA0F2B27F}
	EndGlobalSection
EndGlobal
